// !$*UTF8*$!
{
	archiveVersion = 1;
	classes = {
	};
	objectVersion = 48;
	objects = {

/* Begin PBXBuildFile section */
		DC40E6131F4D223A0060D2BA /* AppDelegate.swift in Sources */ = {isa = PBXBuildFile; fileRef = DC40E6121F4D223A0060D2BA /* AppDelegate.swift */; };
		DC40E6171F4D223A0060D2BA /* ViewController.swift in Sources */ = {isa = PBXBuildFile; fileRef = DC40E6161F4D223A0060D2BA /* ViewController.swift */; };
		DC40E61A1F4D223A0060D2BA /* Main.storyboard in Resources */ = {isa = PBXBuildFile; fileRef = DC40E6181F4D223A0060D2BA /* Main.storyboard */; };
		DC40E61C1F4D223A0060D2BA /* Assets.xcassets in Resources */ = {isa = PBXBuildFile; fileRef = DC40E61B1F4D223A0060D2BA /* Assets.xcassets */; };
		DC40E61F1F4D223A0060D2BA /* LaunchScreen.storyboard in Resources */ = {isa = PBXBuildFile; fileRef = DC40E61D1F4D223A0060D2BA /* LaunchScreen.storyboard */; };
		DC40E6581F4DEA7D0060D2BA /* CallistoColor.png in Resources */ = {isa = PBXBuildFile; fileRef = DC40E6331F4DEA6A0060D2BA /* CallistoColor.png */; };
		DC40E6591F4DEA7D0060D2BA /* CharonColor.png in Resources */ = {isa = PBXBuildFile; fileRef = DC40E6341F4DEA6A0060D2BA /* CharonColor.png */; };
		DC40E65A1F4DEA7D0060D2BA /* DeimosColor.png in Resources */ = {isa = PBXBuildFile; fileRef = DC40E62F1F4DEA690060D2BA /* DeimosColor.png */; };
		DC40E65B1F4DEA7D0060D2BA /* DioneColor.png in Resources */ = {isa = PBXBuildFile; fileRef = DC40E6281F4DEA680060D2BA /* DioneColor.png */; };
		DC40E65C1F4DEA7D0060D2BA /* EnceladusColor.png in Resources */ = {isa = PBXBuildFile; fileRef = DC40E62D1F4DEA690060D2BA /* EnceladusColor.png */; };
		DC40E65D1F4DEA7D0060D2BA /* Planet.dae in Resources */ = {isa = PBXBuildFile; fileRef = DC40E62A1F4DEA680060D2BA /* Planet.dae */; };
		DC40E65E1F4DEA7D0060D2BA /* EuropaColor.png in Resources */ = {isa = PBXBuildFile; fileRef = DC40E63B1F4DEA6C0060D2BA /* EuropaColor.png */; };
		DC40E65F1F4DEA7D0060D2BA /* GanymedeColor.png in Resources */ = {isa = PBXBuildFile; fileRef = DC40E62B1F4DEA680060D2BA /* GanymedeColor.png */; };
		DC40E6601F4DEA7D0060D2BA /* IapetusColor.png in Resources */ = {isa = PBXBuildFile; fileRef = DC40E6381F4DEA6B0060D2BA /* IapetusColor.png */; };
		DC40E6611F4DEA7D0060D2BA /* IoColor.png in Resources */ = {isa = PBXBuildFile; fileRef = DC40E62C1F4DEA690060D2BA /* IoColor.png */; };
		DC40E6621F4DEA7D0060D2BA /* JupiterColor.png in Resources */ = {isa = PBXBuildFile; fileRef = DC40E63C1F4DEA6C0060D2BA /* JupiterColor.png */; };
		DC40E6631F4DEA7D0060D2BA /* MarsColor.png in Resources */ = {isa = PBXBuildFile; fileRef = DC40E6351F4DEA6B0060D2BA /* MarsColor.png */; };
		DC40E6641F4DEA7D0060D2BA /* MercuryColor.png in Resources */ = {isa = PBXBuildFile; fileRef = DC40E6301F4DEA6A0060D2BA /* MercuryColor.png */; };
		DC40E6651F4DEA7D0060D2BA /* MimasColor.png in Resources */ = {isa = PBXBuildFile; fileRef = DC40E6321F4DEA6A0060D2BA /* MimasColor.png */; };
		DC40E6661F4DEA7D0060D2BA /* MoonColor.png in Resources */ = {isa = PBXBuildFile; fileRef = DC40E6271F4DEA670060D2BA /* MoonColor.png */; };
		DC40E6671F4DEA7D0060D2BA /* NeptuneColor.png in Resources */ = {isa = PBXBuildFile; fileRef = DC40E63E1F4DEA6D0060D2BA /* NeptuneColor.png */; };
		DC40E6681F4DEA7D0060D2BA /* PhobosColor.png in Resources */ = {isa = PBXBuildFile; fileRef = DC40E6361F4DEA6B0060D2BA /* PhobosColor.png */; };
		DC40E6691F4DEA7D0060D2BA /* PlutoColor.png in Resources */ = {isa = PBXBuildFile; fileRef = DC40E6391F4DEA6C0060D2BA /* PlutoColor.png */; };
		DC40E66A1F4DEA7D0060D2BA /* RheaColor.png in Resources */ = {isa = PBXBuildFile; fileRef = DC40E6311F4DEA6A0060D2BA /* RheaColor.png */; };
		DC40E66B1F4DEA7D0060D2BA /* SaturnColor.png in Resources */ = {isa = PBXBuildFile; fileRef = DC40E6261F4DEA670060D2BA /* SaturnColor.png */; };
		DC40E66C1F4DEA7D0060D2BA /* TethysColor.png in Resources */ = {isa = PBXBuildFile; fileRef = DC40E6291F4DEA680060D2BA /* TethysColor.png */; };
		DC40E66D1F4DEA7D0060D2BA /* TitanColor.png in Resources */ = {isa = PBXBuildFile; fileRef = DC40E6371F4DEA6B0060D2BA /* TitanColor.png */; };
		DC40E66E1F4DEA7D0060D2BA /* TritonColor.png in Resources */ = {isa = PBXBuildFile; fileRef = DC40E62E1F4DEA690060D2BA /* TritonColor.png */; };
		DC40E66F1F4DEA7D0060D2BA /* UranusColor.png in Resources */ = {isa = PBXBuildFile; fileRef = DC40E63A1F4DEA6C0060D2BA /* UranusColor.png */; };
		DC40E6701F4DEA7D0060D2BA /* VenusColor.png in Resources */ = {isa = PBXBuildFile; fileRef = DC40E63D1F4DEA6C0060D2BA /* VenusColor.png */; };
		DC40E6721F59AEFC0060D2BA /* Planet.swift in Sources */ = {isa = PBXBuildFile; fileRef = DC40E6711F59AEFC0060D2BA /* Planet.swift */; };
		DCB0EEC01FB4E4B6007ED794 /* EarthColor.png in Resources */ = {isa = PBXBuildFile; fileRef = DCB0EEBE1FB4E4B6007ED794 /* EarthColor.png */; };
		DCB0EEC11FB4E4B6007ED794 /* Earth.jpg in Resources */ = {isa = PBXBuildFile; fileRef = DCB0EEBF1FB4E4B6007ED794 /* Earth.jpg */; };
		DCB0EEC31FB4F332007ED794 /* sun.jpg in Resources */ = {isa = PBXBuildFile; fileRef = DCB0EEC21FB4F332007ED794 /* sun.jpg */; };
/* End PBXBuildFile section */

/* Begin PBXFileReference section */
		DC40E60F1F4D22390060D2BA /* TestAR.app */ = {isa = PBXFileReference; explicitFileType = wrapper.application; includeInIndex = 0; path = TestAR.app; sourceTree = BUILT_PRODUCTS_DIR; };
		DC40E6121F4D223A0060D2BA /* AppDelegate.swift */ = {isa = PBXFileReference; lastKnownFileType = sourcecode.swift; path = AppDelegate.swift; sourceTree = "<group>"; };
		DC40E6161F4D223A0060D2BA /* ViewController.swift */ = {isa = PBXFileReference; lastKnownFileType = sourcecode.swift; path = ViewController.swift; sourceTree = "<group>"; };
		DC40E6191F4D223A0060D2BA /* Base */ = {isa = PBXFileReference; lastKnownFileType = file.storyboard; name = Base; path = Base.lproj/Main.storyboard; sourceTree = "<group>"; };
		DC40E61B1F4D223A0060D2BA /* Assets.xcassets */ = {isa = PBXFileReference; lastKnownFileType = folder.assetcatalog; path = Assets.xcassets; sourceTree = "<group>"; };
		DC40E61E1F4D223A0060D2BA /* Base */ = {isa = PBXFileReference; lastKnownFileType = file.storyboard; name = Base; path = Base.lproj/LaunchScreen.storyboard; sourceTree = "<group>"; };
		DC40E6201F4D223A0060D2BA /* Info.plist */ = {isa = PBXFileReference; lastKnownFileType = text.plist.xml; path = Info.plist; sourceTree = "<group>"; };
		DC40E6261F4DEA670060D2BA /* SaturnColor.png */ = {isa = PBXFileReference; lastKnownFileType = image.png; path = SaturnColor.png; sourceTree = "<group>"; };
		DC40E6271F4DEA670060D2BA /* MoonColor.png */ = {isa = PBXFileReference; lastKnownFileType = image.png; path = MoonColor.png; sourceTree = "<group>"; };
		DC40E6281F4DEA680060D2BA /* DioneColor.png */ = {isa = PBXFileReference; lastKnownFileType = image.png; path = DioneColor.png; sourceTree = "<group>"; };
		DC40E6291F4DEA680060D2BA /* TethysColor.png */ = {isa = PBXFileReference; lastKnownFileType = image.png; path = TethysColor.png; sourceTree = "<group>"; };
		DC40E62A1F4DEA680060D2BA /* Planet.dae */ = {isa = PBXFileReference; lastKnownFileType = text.xml.dae; path = Planet.dae; sourceTree = "<group>"; };
		DC40E62B1F4DEA680060D2BA /* GanymedeColor.png */ = {isa = PBXFileReference; lastKnownFileType = image.png; path = GanymedeColor.png; sourceTree = "<group>"; };
		DC40E62C1F4DEA690060D2BA /* IoColor.png */ = {isa = PBXFileReference; lastKnownFileType = image.png; path = IoColor.png; sourceTree = "<group>"; };
		DC40E62D1F4DEA690060D2BA /* EnceladusColor.png */ = {isa = PBXFileReference; lastKnownFileType = image.png; path = EnceladusColor.png; sourceTree = "<group>"; };
		DC40E62E1F4DEA690060D2BA /* TritonColor.png */ = {isa = PBXFileReference; lastKnownFileType = image.png; path = TritonColor.png; sourceTree = "<group>"; };
		DC40E62F1F4DEA690060D2BA /* DeimosColor.png */ = {isa = PBXFileReference; lastKnownFileType = image.png; path = DeimosColor.png; sourceTree = "<group>"; };
		DC40E6301F4DEA6A0060D2BA /* MercuryColor.png */ = {isa = PBXFileReference; lastKnownFileType = image.png; path = MercuryColor.png; sourceTree = "<group>"; };
		DC40E6311F4DEA6A0060D2BA /* RheaColor.png */ = {isa = PBXFileReference; lastKnownFileType = image.png; path = RheaColor.png; sourceTree = "<group>"; };
		DC40E6321F4DEA6A0060D2BA /* MimasColor.png */ = {isa = PBXFileReference; lastKnownFileType = image.png; path = MimasColor.png; sourceTree = "<group>"; };
		DC40E6331F4DEA6A0060D2BA /* CallistoColor.png */ = {isa = PBXFileReference; lastKnownFileType = image.png; path = CallistoColor.png; sourceTree = "<group>"; };
		DC40E6341F4DEA6A0060D2BA /* CharonColor.png */ = {isa = PBXFileReference; lastKnownFileType = image.png; path = CharonColor.png; sourceTree = "<group>"; };
		DC40E6351F4DEA6B0060D2BA /* MarsColor.png */ = {isa = PBXFileReference; lastKnownFileType = image.png; path = MarsColor.png; sourceTree = "<group>"; };
		DC40E6361F4DEA6B0060D2BA /* PhobosColor.png */ = {isa = PBXFileReference; lastKnownFileType = image.png; path = PhobosColor.png; sourceTree = "<group>"; };
		DC40E6371F4DEA6B0060D2BA /* TitanColor.png */ = {isa = PBXFileReference; lastKnownFileType = image.png; path = TitanColor.png; sourceTree = "<group>"; };
		DC40E6381F4DEA6B0060D2BA /* IapetusColor.png */ = {isa = PBXFileReference; lastKnownFileType = image.png; path = IapetusColor.png; sourceTree = "<group>"; };
		DC40E6391F4DEA6C0060D2BA /* PlutoColor.png */ = {isa = PBXFileReference; lastKnownFileType = image.png; path = PlutoColor.png; sourceTree = "<group>"; };
		DC40E63A1F4DEA6C0060D2BA /* UranusColor.png */ = {isa = PBXFileReference; lastKnownFileType = image.png; path = UranusColor.png; sourceTree = "<group>"; };
		DC40E63B1F4DEA6C0060D2BA /* EuropaColor.png */ = {isa = PBXFileReference; lastKnownFileType = image.png; path = EuropaColor.png; sourceTree = "<group>"; };
		DC40E63C1F4DEA6C0060D2BA /* JupiterColor.png */ = {isa = PBXFileReference; lastKnownFileType = image.png; path = JupiterColor.png; sourceTree = "<group>"; };
		DC40E63D1F4DEA6C0060D2BA /* VenusColor.png */ = {isa = PBXFileReference; lastKnownFileType = image.png; path = VenusColor.png; sourceTree = "<group>"; };
		DC40E63E1F4DEA6D0060D2BA /* NeptuneColor.png */ = {isa = PBXFileReference; lastKnownFileType = image.png; path = NeptuneColor.png; sourceTree = "<group>"; };
		DC40E6711F59AEFC0060D2BA /* Planet.swift */ = {isa = PBXFileReference; lastKnownFileType = sourcecode.swift; path = Planet.swift; sourceTree = "<group>"; };
		DCB0EEBE1FB4E4B6007ED794 /* EarthColor.png */ = {isa = PBXFileReference; lastKnownFileType = image.png; path = EarthColor.png; sourceTree = "<group>"; };
		DCB0EEBF1FB4E4B6007ED794 /* Earth.jpg */ = {isa = PBXFileReference; lastKnownFileType = image.jpeg; path = Earth.jpg; sourceTree = "<group>"; };
		DCB0EEC21FB4F332007ED794 /* sun.jpg */ = {isa = PBXFileReference; lastKnownFileType = image.jpeg; path = sun.jpg; sourceTree = "<group>"; };
/* End PBXFileReference section */

/* Begin PBXFrameworksBuildPhase section */
		DC40E60C1F4D22390060D2BA /* Frameworks */ = {
			isa = PBXFrameworksBuildPhase;
			buildActionMask = 2147483647;
			files = (
			);
			runOnlyForDeploymentPostprocessing = 0;
		};
/* End PBXFrameworksBuildPhase section */

/* Begin PBXGroup section */
		DC40E6061F4D22390060D2BA = {
			isa = PBXGroup;
			children = (
				DC40E6111F4D223A0060D2BA /* TestAR */,
				DC40E6101F4D22390060D2BA /* Products */,
			);
			sourceTree = "<group>";
		};
		DC40E6101F4D22390060D2BA /* Products */ = {
			isa = PBXGroup;
			children = (
				DC40E60F1F4D22390060D2BA /* TestAR.app */,
			);
			name = Products;
			sourceTree = "<group>";
		};
		DC40E6111F4D223A0060D2BA /* TestAR */ = {
			isa = PBXGroup;
			children = (
				DC50E4BD1FBE309E00AE9FD0 /* PlanetObject */,
				DC40E6121F4D223A0060D2BA /* AppDelegate.swift */,
				DC40E6161F4D223A0060D2BA /* ViewController.swift */,
				DC40E6181F4D223A0060D2BA /* Main.storyboard */,
				DC40E61B1F4D223A0060D2BA /* Assets.xcassets */,
				DC40E61D1F4D223A0060D2BA /* LaunchScreen.storyboard */,
				DC40E6201F4D223A0060D2BA /* Info.plist */,
				DC40E6711F59AEFC0060D2BA /* Planet.swift */,
			);
			path = TestAR;
			sourceTree = "<group>";
		};
		DC50E4BD1FBE309E00AE9FD0 /* PlanetObject */ = {
			isa = PBXGroup;
			children = (
				DCB0EEC21FB4F332007ED794 /* sun.jpg */,
				DCB0EEBF1FB4E4B6007ED794 /* Earth.jpg */,
				DCB0EEBE1FB4E4B6007ED794 /* EarthColor.png */,
				DC40E6331F4DEA6A0060D2BA /* CallistoColor.png */,
				DC40E6341F4DEA6A0060D2BA /* CharonColor.png */,
				DC40E62F1F4DEA690060D2BA /* DeimosColor.png */,
				DC40E6281F4DEA680060D2BA /* DioneColor.png */,
				DC40E62D1F4DEA690060D2BA /* EnceladusColor.png */,
				DC40E62A1F4DEA680060D2BA /* Planet.dae */,
				DC40E63B1F4DEA6C0060D2BA /* EuropaColor.png */,
				DC40E62B1F4DEA680060D2BA /* GanymedeColor.png */,
				DC40E6381F4DEA6B0060D2BA /* IapetusColor.png */,
				DC40E62C1F4DEA690060D2BA /* IoColor.png */,
				DC40E63C1F4DEA6C0060D2BA /* JupiterColor.png */,
				DC40E6351F4DEA6B0060D2BA /* MarsColor.png */,
				DC40E6301F4DEA6A0060D2BA /* MercuryColor.png */,
				DC40E6321F4DEA6A0060D2BA /* MimasColor.png */,
				DC40E6271F4DEA670060D2BA /* MoonColor.png */,
				DC40E63E1F4DEA6D0060D2BA /* NeptuneColor.png */,
				DC40E6361F4DEA6B0060D2BA /* PhobosColor.png */,
				DC40E6391F4DEA6C0060D2BA /* PlutoColor.png */,
				DC40E6311F4DEA6A0060D2BA /* RheaColor.png */,
				DC40E6261F4DEA670060D2BA /* SaturnColor.png */,
				DC40E6291F4DEA680060D2BA /* TethysColor.png */,
				DC40E6371F4DEA6B0060D2BA /* TitanColor.png */,
				DC40E62E1F4DEA690060D2BA /* TritonColor.png */,
				DC40E63A1F4DEA6C0060D2BA /* UranusColor.png */,
				DC40E63D1F4DEA6C0060D2BA /* VenusColor.png */,
			);
			path = PlanetObject;
			sourceTree = "<group>";
		};
/* End PBXGroup section */

/* Begin PBXNativeTarget section */
		DC40E60E1F4D22390060D2BA /* TestAR */ = {
			isa = PBXNativeTarget;
			buildConfigurationList = DC40E6231F4D223A0060D2BA /* Build configuration list for PBXNativeTarget "TestAR" */;
			buildPhases = (
				DC40E60B1F4D22390060D2BA /* Sources */,
				DC40E60C1F4D22390060D2BA /* Frameworks */,
				DC40E60D1F4D22390060D2BA /* Resources */,
			);
			buildRules = (
			);
			dependencies = (
			);
			name = TestAR;
			productName = TestAR;
			productReference = DC40E60F1F4D22390060D2BA /* TestAR.app */;
			productType = "com.apple.product-type.application";
		};
/* End PBXNativeTarget section */

/* Begin PBXProject section */
		DC40E6071F4D22390060D2BA /* Project object */ = {
			isa = PBXProject;
			attributes = {
				LastSwiftUpdateCheck = 0900;
				LastUpgradeCheck = 0900;
				ORGANIZATIONNAME = "Justin Reid";
				TargetAttributes = {
					DC40E60E1F4D22390060D2BA = {
						CreatedOnToolsVersion = 9.0;
						ProvisioningStyle = Automatic;
					};
				};
			};
			buildConfigurationList = DC40E60A1F4D22390060D2BA /* Build configuration list for PBXProject "TestAR" */;
			compatibilityVersion = "Xcode 8.0";
			developmentRegion = en;
			hasScannedForEncodings = 0;
			knownRegions = (
				en,
				Base,
			);
			mainGroup = DC40E6061F4D22390060D2BA;
			productRefGroup = DC40E6101F4D22390060D2BA /* Products */;
			projectDirPath = "";
			projectRoot = "";
			targets = (
				DC40E60E1F4D22390060D2BA /* TestAR */,
			);
		};
/* End PBXProject section */

/* Begin PBXResourcesBuildPhase section */
		DC40E60D1F4D22390060D2BA /* Resources */ = {
			isa = PBXResourcesBuildPhase;
			buildActionMask = 2147483647;
			files = (
				DC40E65E1F4DEA7D0060D2BA /* EuropaColor.png in Resources */,
				DCB0EEC01FB4E4B6007ED794 /* EarthColor.png in Resources */,
				DC40E6671F4DEA7D0060D2BA /* NeptuneColor.png in Resources */,
				DC40E6581F4DEA7D0060D2BA /* CallistoColor.png in Resources */,
				DC40E66F1F4DEA7D0060D2BA /* UranusColor.png in Resources */,
				DC40E6681F4DEA7D0060D2BA /* PhobosColor.png in Resources */,
				DC40E6631F4DEA7D0060D2BA /* MarsColor.png in Resources */,
				DC40E66C1F4DEA7D0060D2BA /* TethysColor.png in Resources */,
				DC40E6651F4DEA7D0060D2BA /* MimasColor.png in Resources */,
				DC40E66B1F4DEA7D0060D2BA /* SaturnColor.png in Resources */,
				DC40E6661F4DEA7D0060D2BA /* MoonColor.png in Resources */,
				DCB0EEC11FB4E4B6007ED794 /* Earth.jpg in Resources */,
				DC40E6621F4DEA7D0060D2BA /* JupiterColor.png in Resources */,
				DC40E6611F4DEA7D0060D2BA /* IoColor.png in Resources */,
				DC40E65A1F4DEA7D0060D2BA /* DeimosColor.png in Resources */,
				DC40E66A1F4DEA7D0060D2BA /* RheaColor.png in Resources */,
				DC40E66D1F4DEA7D0060D2BA /* TitanColor.png in Resources */,
				DC40E61F1F4D223A0060D2BA /* LaunchScreen.storyboard in Resources */,
				DC40E66E1F4DEA7D0060D2BA /* TritonColor.png in Resources */,
				DC40E65F1F4DEA7D0060D2BA /* GanymedeColor.png in Resources */,
				DC40E65D1F4DEA7D0060D2BA /* Planet.dae in Resources */,
				DC40E6701F4DEA7D0060D2BA /* VenusColor.png in Resources */,
				DC40E61C1F4D223A0060D2BA /* Assets.xcassets in Resources */,
				DC40E6591F4DEA7D0060D2BA /* CharonColor.png in Resources */,
				DCB0EEC31FB4F332007ED794 /* sun.jpg in Resources */,
				DC40E6601F4DEA7D0060D2BA /* IapetusColor.png in Resources */,
				DC40E65C1F4DEA7D0060D2BA /* EnceladusColor.png in Resources */,
				DC40E6691F4DEA7D0060D2BA /* PlutoColor.png in Resources */,
				DC40E6641F4DEA7D0060D2BA /* MercuryColor.png in Resources */,
				DC40E61A1F4D223A0060D2BA /* Main.storyboard in Resources */,
				DC40E65B1F4DEA7D0060D2BA /* DioneColor.png in Resources */,
			);
			runOnlyForDeploymentPostprocessing = 0;
		};
/* End PBXResourcesBuildPhase section */

/* Begin PBXSourcesBuildPhase section */
		DC40E60B1F4D22390060D2BA /* Sources */ = {
			isa = PBXSourcesBuildPhase;
			buildActionMask = 2147483647;
			files = (
				DC40E6721F59AEFC0060D2BA /* Planet.swift in Sources */,
				DC40E6171F4D223A0060D2BA /* ViewController.swift in Sources */,
				DC40E6131F4D223A0060D2BA /* AppDelegate.swift in Sources */,
			);
			runOnlyForDeploymentPostprocessing = 0;
		};
/* End PBXSourcesBuildPhase section */

/* Begin PBXVariantGroup section */
		DC40E6181F4D223A0060D2BA /* Main.storyboard */ = {
			isa = PBXVariantGroup;
			children = (
				DC40E6191F4D223A0060D2BA /* Base */,
			);
			name = Main.storyboard;
			sourceTree = "<group>";
		};
		DC40E61D1F4D223A0060D2BA /* LaunchScreen.storyboard */ = {
			isa = PBXVariantGroup;
			children = (
				DC40E61E1F4D223A0060D2BA /* Base */,
			);
			name = LaunchScreen.storyboard;
			sourceTree = "<group>";
		};
/* End PBXVariantGroup section */

/* Begin XCBuildConfiguration section */
		DC40E6211F4D223A0060D2BA /* Debug */ = {
			isa = XCBuildConfiguration;
			buildSettings = {
				ALWAYS_SEARCH_USER_PATHS = NO;
				CLANG_ANALYZER_NONNULL = YES;
				CLANG_ANALYZER_NUMBER_OBJECT_CONVERSION = YES_AGGRESSIVE;
				CLANG_CXX_LANGUAGE_STANDARD = "gnu++14";
				CLANG_CXX_LIBRARY = "libc++";
				CLANG_ENABLE_MODULES = YES;
				CLANG_ENABLE_OBJC_ARC = YES;
				CLANG_WARN_BLOCK_CAPTURE_AUTORELEASING = YES;
				CLANG_WARN_BOOL_CONVERSION = YES;
				CLANG_WARN_COMMA = YES;
				CLANG_WARN_CONSTANT_CONVERSION = YES;
				CLANG_WARN_DIRECT_OBJC_ISA_USAGE = YES_ERROR;
				CLANG_WARN_DOCUMENTATION_COMMENTS = YES;
				CLANG_WARN_EMPTY_BODY = YES;
				CLANG_WARN_ENUM_CONVERSION = YES;
				CLANG_WARN_INFINITE_RECURSION = YES;
				CLANG_WARN_INT_CONVERSION = YES;
				CLANG_WARN_NON_LITERAL_NULL_CONVERSION = YES;
				CLANG_WARN_OBJC_LITERAL_CONVERSION = YES;
				CLANG_WARN_OBJC_ROOT_CLASS = YES_ERROR;
				CLANG_WARN_RANGE_LOOP_ANALYSIS = YES;
				CLANG_WARN_STRICT_PROTOTYPES = YES;
				CLANG_WARN_SUSPICIOUS_MOVE = YES;
				CLANG_WARN_UNGUARDED_AVAILABILITY = YES_AGGRESSIVE;
				CLANG_WARN_UNREACHABLE_CODE = YES;
				CLANG_WARN__DUPLICATE_METHOD_MATCH = YES;
				CODE_SIGN_IDENTITY = "iPhone Developer";
				COPY_PHASE_STRIP = NO;
				DEBUG_INFORMATION_FORMAT = dwarf;
				ENABLE_STRICT_OBJC_MSGSEND = YES;
				ENABLE_TESTABILITY = YES;
				GCC_C_LANGUAGE_STANDARD = gnu11;
				GCC_DYNAMIC_NO_PIC = NO;
				GCC_NO_COMMON_BLOCKS = YES;
				GCC_OPTIMIZATION_LEVEL = 0;
				GCC_PREPROCESSOR_DEFINITIONS = (
					"DEBUG=1",
					"$(inherited)",
				);
				GCC_WARN_64_TO_32_BIT_CONVERSION = YES;
				GCC_WARN_ABOUT_RETURN_TYPE = YES_ERROR;
				GCC_WARN_UNDECLARED_SELECTOR = YES;
				GCC_WARN_UNINITIALIZED_AUTOS = YES_AGGRESSIVE;
				GCC_WARN_UNUSED_FUNCTION = YES;
				GCC_WARN_UNUSED_VARIABLE = YES;
				IPHONEOS_DEPLOYMENT_TARGET = 11.0;
				MTL_ENABLE_DEBUG_INFO = YES;
				ONLY_ACTIVE_ARCH = YES;
				SDKROOT = iphoneos;
				SWIFT_ACTIVE_COMPILATION_CONDITIONS = DEBUG;
				SWIFT_OPTIMIZATION_LEVEL = "-Onone";
			};
			name = Debug;
		};
		DC40E6221F4D223A0060D2BA /* Release */ = {
			isa = XCBuildConfiguration;
			buildSettings = {
				ALWAYS_SEARCH_USER_PATHS = NO;
				CLANG_ANALYZER_NONNULL = YES;
				CLANG_ANALYZER_NUMBER_OBJECT_CONVERSION = YES_AGGRESSIVE;
				CLANG_CXX_LANGUAGE_STANDARD = "gnu++14";
				CLANG_CXX_LIBRARY = "libc++";
				CLANG_ENABLE_MODULES = YES;
				CLANG_ENABLE_OBJC_ARC = YES;
				CLANG_WARN_BLOCK_CAPTURE_AUTORELEASING = YES;
				CLANG_WARN_BOOL_CONVERSION = YES;
				CLANG_WARN_COMMA = YES;
				CLANG_WARN_CONSTANT_CONVERSION = YES;
				CLANG_WARN_DIRECT_OBJC_ISA_USAGE = YES_ERROR;
				CLANG_WARN_DOCUMENTATION_COMMENTS = YES;
				CLANG_WARN_EMPTY_BODY = YES;
				CLANG_WARN_ENUM_CONVERSION = YES;
				CLANG_WARN_INFINITE_RECURSION = YES;
				CLANG_WARN_INT_CONVERSION = YES;
				CLANG_WARN_NON_LITERAL_NULL_CONVERSION = YES;
				CLANG_WARN_OBJC_LITERAL_CONVERSION = YES;
				CLANG_WARN_OBJC_ROOT_CLASS = YES_ERROR;
				CLANG_WARN_RANGE_LOOP_ANALYSIS = YES;
				CLANG_WARN_STRICT_PROTOTYPES = YES;
				CLANG_WARN_SUSPICIOUS_MOVE = YES;
				CLANG_WARN_UNGUARDED_AVAILABILITY = YES_AGGRESSIVE;
				CLANG_WARN_UNREACHABLE_CODE = YES;
				CLANG_WARN__DUPLICATE_METHOD_MATCH = YES;
				CODE_SIGN_IDENTITY = "iPhone Developer";
				COPY_PHASE_STRIP = NO;
				DEBUG_INFORMATION_FORMAT = "dwarf-with-dsym";
				ENABLE_NS_ASSERTIONS = NO;
				ENABLE_STRICT_OBJC_MSGSEND = YES;
				GCC_C_LANGUAGE_STANDARD = gnu11;
				GCC_NO_COMMON_BLOCKS = YES;
				GCC_WARN_64_TO_32_BIT_CONVERSION = YES;
				GCC_WARN_ABOUT_RETURN_TYPE = YES_ERROR;
				GCC_WARN_UNDECLARED_SELECTOR = YES;
				GCC_WARN_UNINITIALIZED_AUTOS = YES_AGGRESSIVE;
				GCC_WARN_UNUSED_FUNCTION = YES;
				GCC_WARN_UNUSED_VARIABLE = YES;
				IPHONEOS_DEPLOYMENT_TARGET = 11.0;
				MTL_ENABLE_DEBUG_INFO = NO;
				SDKROOT = iphoneos;
				SWIFT_OPTIMIZATION_LEVEL = "-Owholemodule";
				VALIDATE_PRODUCT = YES;
			};
			name = Release;
		};
		DC40E6241F4D223A0060D2BA /* Debug */ = {
			isa = XCBuildConfiguration;
			buildSettings = {
				ASSETCATALOG_COMPILER_APPICON_NAME = AppIcon;
				CODE_SIGN_STYLE = Automatic;
				DEVELOPMENT_TEAM = 4948PJ93Q9;
				INFOPLIST_FILE = TestAR/Info.plist;
				LD_RUNPATH_SEARCH_PATHS = "$(inherited) @executable_path/Frameworks";
				PRODUCT_BUNDLE_IDENTIFIER = com.skookum.ARTest;
				PRODUCT_NAME = "$(TARGET_NAME)";
				SWIFT_VERSION = 4.0;
				TARGETED_DEVICE_FAMILY = "1,2";
			};
			name = Debug;
		};
		DC40E6251F4D223A0060D2BA /* Release */ = {
			isa = XCBuildConfiguration;
			buildSettings = {
				ASSETCATALOG_COMPILER_APPICON_NAME = AppIcon;
				CODE_SIGN_STYLE = Automatic;
				DEVELOPMENT_TEAM = 4948PJ93Q9;
				INFOPLIST_FILE = TestAR/Info.plist;
				LD_RUNPATH_SEARCH_PATHS = "$(inherited) @executable_path/Frameworks";
				PRODUCT_BUNDLE_IDENTIFIER = com.skookum.ARTest;
				PRODUCT_NAME = "$(TARGET_NAME)";
				SWIFT_VERSION = 4.0;
				TARGETED_DEVICE_FAMILY = "1,2";
			};
			name = Release;
		};
/* End XCBuildConfiguration section */

/* Begin XCConfigurationList section */
		DC40E60A1F4D22390060D2BA /* Build configuration list for PBXProject "TestAR" */ = {
			isa = XCConfigurationList;
			buildConfigurations = (
				DC40E6211F4D223A0060D2BA /* Debug */,
				DC40E6221F4D223A0060D2BA /* Release */,
			);
			defaultConfigurationIsVisible = 0;
			defaultConfigurationName = Release;
		};
		DC40E6231F4D223A0060D2BA /* Build configuration list for PBXNativeTarget "TestAR" */ = {
			isa = XCConfigurationList;
			buildConfigurations = (
				DC40E6241F4D223A0060D2BA /* Debug */,
				DC40E6251F4D223A0060D2BA /* Release */,
			);
			defaultConfigurationIsVisible = 0;
			defaultConfigurationName = Release;
		};
/* End XCConfigurationList section */
	};
	rootObject = DC40E6071F4D22390060D2BA /* Project object */;
}
